// !$*UTF8*$!
{
	archiveVersion = 1;
	classes = {
	};
	objectVersion = 46;
	objects = {

/* Begin PBXBuildFile section */
		136ACF511C42B725000B2BD5 /* LaunchScreen.storyboard in Resources */ = {isa = PBXBuildFile; fileRef = 136ACF501C42B725000B2BD5 /* LaunchScreen.storyboard */; };
		136ACF5D1C42B756000B2BD5 /* AddParkCell.swift in Sources */ = {isa = PBXBuildFile; fileRef = 136ACF521C42B756000B2BD5 /* AddParkCell.swift */; };
		136ACF5E1C42B756000B2BD5 /* AddParkCoordinatesCell.swift in Sources */ = {isa = PBXBuildFile; fileRef = 136ACF531C42B756000B2BD5 /* AddParkCoordinatesCell.swift */; };
		136ACF5F1C42B756000B2BD5 /* AddParkDetailsCell.swift in Sources */ = {isa = PBXBuildFile; fileRef = 136ACF541C42B756000B2BD5 /* AddParkDetailsCell.swift */; };
		136ACF601C42B756000B2BD5 /* AddParkInfoCell.swift in Sources */ = {isa = PBXBuildFile; fileRef = 136ACF551C42B756000B2BD5 /* AddParkInfoCell.swift */; };
		136ACF611C42B756000B2BD5 /* AddParkLocationCell.swift in Sources */ = {isa = PBXBuildFile; fileRef = 136ACF561C42B756000B2BD5 /* AddParkLocationCell.swift */; };
		136ACF621C42B756000B2BD5 /* AddParkRateCell.swift in Sources */ = {isa = PBXBuildFile; fileRef = 136ACF571C42B756000B2BD5 /* AddParkRateCell.swift */; };
		136ACF631C42B756000B2BD5 /* AddParkViewController.swift in Sources */ = {isa = PBXBuildFile; fileRef = 136ACF581C42B756000B2BD5 /* AddParkViewController.swift */; };
		136ACF641C42B756000B2BD5 /* AddWorkoutCell.swift in Sources */ = {isa = PBXBuildFile; fileRef = 136ACF591C42B756000B2BD5 /* AddWorkoutCell.swift */; };
		136ACF651C42B756000B2BD5 /* AddWorkoutExerciseCell.swift in Sources */ = {isa = PBXBuildFile; fileRef = 136ACF5A1C42B756000B2BD5 /* AddWorkoutExerciseCell.swift */; };
		136ACF661C42B756000B2BD5 /* AddWorkoutInfoCell.swift in Sources */ = {isa = PBXBuildFile; fileRef = 136ACF5B1C42B756000B2BD5 /* AddWorkoutInfoCell.swift */; };
		136ACF671C42B756000B2BD5 /* AddWorkoutViewController.swift in Sources */ = {isa = PBXBuildFile; fileRef = 136ACF5C1C42B756000B2BD5 /* AddWorkoutViewController.swift */; };
		136ACF691C42B7BF000B2BD5 /* ParkPinDetailView.xib in Resources */ = {isa = PBXBuildFile; fileRef = 136ACF681C42B7BF000B2BD5 /* ParkPinDetailView.xib */; };
		136ACF7A1C42B7F1000B2BD5 /* MapPark.swift in Sources */ = {isa = PBXBuildFile; fileRef = 136ACF6A1C42B7F1000B2BD5 /* MapPark.swift */; };
		136ACF7B1C42B7F1000B2BD5 /* MapViewController.swift in Sources */ = {isa = PBXBuildFile; fileRef = 136ACF6B1C42B7F1000B2BD5 /* MapViewController.swift */; };
		136ACF7C1C42B7F1000B2BD5 /* Park.swift in Sources */ = {isa = PBXBuildFile; fileRef = 136ACF6C1C42B7F1000B2BD5 /* Park.swift */; };
		136ACF7D1C42B7F1000B2BD5 /* ParkButtonCell.swift in Sources */ = {isa = PBXBuildFile; fileRef = 136ACF6D1C42B7F1000B2BD5 /* ParkButtonCell.swift */; };
		136ACF7E1C42B7F1000B2BD5 /* ParkCell.swift in Sources */ = {isa = PBXBuildFile; fileRef = 136ACF6E1C42B7F1000B2BD5 /* ParkCell.swift */; };
		136ACF7F1C42B7F1000B2BD5 /* ParkDetailViewController.swift in Sources */ = {isa = PBXBuildFile; fileRef = 136ACF6F1C42B7F1000B2BD5 /* ParkDetailViewController.swift */; };
		136ACF801C42B7F1000B2BD5 /* ParkImageViewController.swift in Sources */ = {isa = PBXBuildFile; fileRef = 136ACF701C42B7F1000B2BD5 /* ParkImageViewController.swift */; };
		136ACF811C42B7F1000B2BD5 /* ParkPin.swift in Sources */ = {isa = PBXBuildFile; fileRef = 136ACF711C42B7F1000B2BD5 /* ParkPin.swift */; };
		136ACF821C42B7F1000B2BD5 /* ParkPinDetailView.swift in Sources */ = {isa = PBXBuildFile; fileRef = 136ACF721C42B7F1000B2BD5 /* ParkPinDetailView.swift */; };
		136ACF831C42B7F1000B2BD5 /* ParkViewController.swift in Sources */ = {isa = PBXBuildFile; fileRef = 136ACF731C42B7F1000B2BD5 /* ParkViewController.swift */; };
		136ACF841C42B7F1000B2BD5 /* PortugalStreetWorkout_Parks.plist in Resources */ = {isa = PBXBuildFile; fileRef = 136ACF741C42B7F1000B2BD5 /* PortugalStreetWorkout_Parks.plist */; };
		136ACF851C42B7F1000B2BD5 /* Workout.swift in Sources */ = {isa = PBXBuildFile; fileRef = 136ACF751C42B7F1000B2BD5 /* Workout.swift */; };
		136ACF861C42B7F1000B2BD5 /* WorkoutButtonCell.swift in Sources */ = {isa = PBXBuildFile; fileRef = 136ACF761C42B7F1000B2BD5 /* WorkoutButtonCell.swift */; };
		136ACF871C42B7F1000B2BD5 /* WorkoutCell.swift in Sources */ = {isa = PBXBuildFile; fileRef = 136ACF771C42B7F1000B2BD5 /* WorkoutCell.swift */; };
		136ACF881C42B7F1000B2BD5 /* WorkoutDetailViewController.swift in Sources */ = {isa = PBXBuildFile; fileRef = 136ACF781C42B7F1000B2BD5 /* WorkoutDetailViewController.swift */; };
		136ACF891C42B7F1000B2BD5 /* WorkoutViewController.swift in Sources */ = {isa = PBXBuildFile; fileRef = 136ACF791C42B7F1000B2BD5 /* WorkoutViewController.swift */; };
		136ACF8C1C42B85E000B2BD5 /* DataModel.swift in Sources */ = {isa = PBXBuildFile; fileRef = 136ACF8A1C42B85E000B2BD5 /* DataModel.swift */; };
		136ACF8D1C42B85E000B2BD5 /* Exercise.swift in Sources */ = {isa = PBXBuildFile; fileRef = 136ACF8B1C42B85E000B2BD5 /* Exercise.swift */; };
		136ACF911C42B87E000B2BD5 /* ExerciseDetailViewController.swift in Sources */ = {isa = PBXBuildFile; fileRef = 136ACF8E1C42B87E000B2BD5 /* ExerciseDetailViewController.swift */; };
		136ACF921C42B87E000B2BD5 /* ExerciseImageViewController.swift in Sources */ = {isa = PBXBuildFile; fileRef = 136ACF8F1C42B87E000B2BD5 /* ExerciseImageViewController.swift */; };
		136ACF931C42B87E000B2BD5 /* ExerciseViewController.swift in Sources */ = {isa = PBXBuildFile; fileRef = 136ACF901C42B87E000B2BD5 /* ExerciseViewController.swift */; };
		136ACF971C42B891000B2BD5 /* CameraViewController.swift in Sources */ = {isa = PBXBuildFile; fileRef = 136ACF951C42B891000B2BD5 /* CameraViewController.swift */; };
		136ACF991C42B8AC000B2BD5 /* ExerciseCell.swift in Sources */ = {isa = PBXBuildFile; fileRef = 136ACF981C42B8AC000B2BD5 /* ExerciseCell.swift */; };
		136ACF9B1C42B925000B2BD5 /* Base.lproj in Resources */ = {isa = PBXBuildFile; fileRef = 136ACF9A1C42B925000B2BD5 /* Base.lproj */; };
		136ACF9D1C42BA20000B2BD5 /* Main.storyboard in Resources */ = {isa = PBXBuildFile; fileRef = 136ACF9C1C42BA20000B2BD5 /* Main.storyboard */; };
		13BCD4361C41945C005EDF92 /* AppDelegate.swift in Sources */ = {isa = PBXBuildFile; fileRef = 13BCD4351C41945C005EDF92 /* AppDelegate.swift */; };
		13BCD43F1C41945C005EDF92 /* Assets.xcassets in Resources */ = {isa = PBXBuildFile; fileRef = 13BCD43E1C41945C005EDF92 /* Assets.xcassets */; };
		13BCD44D1C41945C005EDF92 /* StreetWorkout_PTTests.swift in Sources */ = {isa = PBXBuildFile; fileRef = 13BCD44C1C41945C005EDF92 /* StreetWorkout_PTTests.swift */; };
		13BCD4581C41945C005EDF92 /* StreetWorkout_PTUITests.swift in Sources */ = {isa = PBXBuildFile; fileRef = 13BCD4571C41945C005EDF92 /* StreetWorkout_PTUITests.swift */; };
		13BCD4721C419594005EDF92 /* MobileCoreServices.framework in Frameworks */ = {isa = PBXBuildFile; fileRef = 13BCD4711C419593005EDF92 /* MobileCoreServices.framework */; };
		13BCD4741C41959C005EDF92 /* UIKit.framework in Frameworks */ = {isa = PBXBuildFile; fileRef = 13BCD4731C41959C005EDF92 /* UIKit.framework */; };
		13BCD4761C4195A5005EDF92 /* CoreLocation.framework in Frameworks */ = {isa = PBXBuildFile; fileRef = 13BCD4751C4195A5005EDF92 /* CoreLocation.framework */; };
		13BCD4781C4195AB005EDF92 /* CoreData.framework in Frameworks */ = {isa = PBXBuildFile; fileRef = 13BCD4771C4195AB005EDF92 /* CoreData.framework */; };
		13BCD47A1C4195BC005EDF92 /* Social.framework in Frameworks */ = {isa = PBXBuildFile; fileRef = 13BCD4791C4195BC005EDF92 /* Social.framework */; };
		13BCD47C1C4195C5005EDF92 /* MapKit.framework in Frameworks */ = {isa = PBXBuildFile; fileRef = 13BCD47B1C4195C5005EDF92 /* MapKit.framework */; };
		13BCD4BD1C419997005EDF92 /* DataModelTests.swift in Sources */ = {isa = PBXBuildFile; fileRef = 13BCD4BC1C419997005EDF92 /* DataModelTests.swift */; };
		13BCD4BF1C4199DE005EDF92 /* ExerciseTests.swift in Sources */ = {isa = PBXBuildFile; fileRef = 13BCD4BE1C4199DE005EDF92 /* ExerciseTests.swift */; };
		13BCD4C11C419A21005EDF92 /* ParkTests.swift in Sources */ = {isa = PBXBuildFile; fileRef = 13BCD4C01C419A21005EDF92 /* ParkTests.swift */; };
		13BCD4C31C419A67005EDF92 /* WorkoutTests.swift in Sources */ = {isa = PBXBuildFile; fileRef = 13BCD4C21C419A67005EDF92 /* WorkoutTests.swift */; };
		13BCD4C51C419AA4005EDF92 /* WorkoutsUITests.swift in Sources */ = {isa = PBXBuildFile; fileRef = 13BCD4C41C419AA4005EDF92 /* WorkoutsUITests.swift */; };
/* End PBXBuildFile section */

/* Begin PBXContainerItemProxy section */
		13BCD4491C41945C005EDF92 /* PBXContainerItemProxy */ = {
			isa = PBXContainerItemProxy;
			containerPortal = 13BCD42A1C41945C005EDF92 /* Project object */;
			proxyType = 1;
			remoteGlobalIDString = 13BCD4311C41945C005EDF92;
			remoteInfo = StreetWorkout_PT;
		};
		13BCD4541C41945C005EDF92 /* PBXContainerItemProxy */ = {
			isa = PBXContainerItemProxy;
			containerPortal = 13BCD42A1C41945C005EDF92 /* Project object */;
			proxyType = 1;
			remoteGlobalIDString = 13BCD4311C41945C005EDF92;
			remoteInfo = StreetWorkout_PT;
		};
/* End PBXContainerItemProxy section */

/* Begin PBXFileReference section */
		136ACF501C42B725000B2BD5 /* LaunchScreen.storyboard */ = {isa = PBXFileReference; fileEncoding = 4; lastKnownFileType = file.storyboard; path = LaunchScreen.storyboard; sourceTree = "<group>"; };
		136ACF521C42B756000B2BD5 /* AddParkCell.swift */ = {isa = PBXFileReference; fileEncoding = 4; lastKnownFileType = sourcecode.swift; path = AddParkCell.swift; sourceTree = "<group>"; };
		136ACF531C42B756000B2BD5 /* AddParkCoordinatesCell.swift */ = {isa = PBXFileReference; fileEncoding = 4; lastKnownFileType = sourcecode.swift; path = AddParkCoordinatesCell.swift; sourceTree = "<group>"; };
		136ACF541C42B756000B2BD5 /* AddParkDetailsCell.swift */ = {isa = PBXFileReference; fileEncoding = 4; lastKnownFileType = sourcecode.swift; path = AddParkDetailsCell.swift; sourceTree = "<group>"; };
		136ACF551C42B756000B2BD5 /* AddParkInfoCell.swift */ = {isa = PBXFileReference; fileEncoding = 4; lastKnownFileType = sourcecode.swift; path = AddParkInfoCell.swift; sourceTree = "<group>"; };
		136ACF561C42B756000B2BD5 /* AddParkLocationCell.swift */ = {isa = PBXFileReference; fileEncoding = 4; lastKnownFileType = sourcecode.swift; path = AddParkLocationCell.swift; sourceTree = "<group>"; };
		136ACF571C42B756000B2BD5 /* AddParkRateCell.swift */ = {isa = PBXFileReference; fileEncoding = 4; lastKnownFileType = sourcecode.swift; path = AddParkRateCell.swift; sourceTree = "<group>"; };
		136ACF581C42B756000B2BD5 /* AddParkViewController.swift */ = {isa = PBXFileReference; fileEncoding = 4; lastKnownFileType = sourcecode.swift; path = AddParkViewController.swift; sourceTree = "<group>"; };
		136ACF591C42B756000B2BD5 /* AddWorkoutCell.swift */ = {isa = PBXFileReference; fileEncoding = 4; lastKnownFileType = sourcecode.swift; path = AddWorkoutCell.swift; sourceTree = "<group>"; };
		136ACF5A1C42B756000B2BD5 /* AddWorkoutExerciseCell.swift */ = {isa = PBXFileReference; fileEncoding = 4; lastKnownFileType = sourcecode.swift; path = AddWorkoutExerciseCell.swift; sourceTree = "<group>"; };
		136ACF5B1C42B756000B2BD5 /* AddWorkoutInfoCell.swift */ = {isa = PBXFileReference; fileEncoding = 4; lastKnownFileType = sourcecode.swift; path = AddWorkoutInfoCell.swift; sourceTree = "<group>"; };
		136ACF5C1C42B756000B2BD5 /* AddWorkoutViewController.swift */ = {isa = PBXFileReference; fileEncoding = 4; lastKnownFileType = sourcecode.swift; path = AddWorkoutViewController.swift; sourceTree = "<group>"; };
		136ACF681C42B7BF000B2BD5 /* ParkPinDetailView.xib */ = {isa = PBXFileReference; fileEncoding = 4; lastKnownFileType = file.xib; path = ParkPinDetailView.xib; sourceTree = "<group>"; };
		136ACF6A1C42B7F1000B2BD5 /* MapPark.swift */ = {isa = PBXFileReference; fileEncoding = 4; lastKnownFileType = sourcecode.swift; path = MapPark.swift; sourceTree = "<group>"; };
		136ACF6B1C42B7F1000B2BD5 /* MapViewController.swift */ = {isa = PBXFileReference; fileEncoding = 4; lastKnownFileType = sourcecode.swift; path = MapViewController.swift; sourceTree = "<group>"; };
		136ACF6C1C42B7F1000B2BD5 /* Park.swift */ = {isa = PBXFileReference; fileEncoding = 4; lastKnownFileType = sourcecode.swift; path = Park.swift; sourceTree = "<group>"; };
		136ACF6D1C42B7F1000B2BD5 /* ParkButtonCell.swift */ = {isa = PBXFileReference; fileEncoding = 4; lastKnownFileType = sourcecode.swift; path = ParkButtonCell.swift; sourceTree = "<group>"; };
		136ACF6E1C42B7F1000B2BD5 /* ParkCell.swift */ = {isa = PBXFileReference; fileEncoding = 4; lastKnownFileType = sourcecode.swift; path = ParkCell.swift; sourceTree = "<group>"; };
		136ACF6F1C42B7F1000B2BD5 /* ParkDetailViewController.swift */ = {isa = PBXFileReference; fileEncoding = 4; lastKnownFileType = sourcecode.swift; path = ParkDetailViewController.swift; sourceTree = "<group>"; };
		136ACF701C42B7F1000B2BD5 /* ParkImageViewController.swift */ = {isa = PBXFileReference; fileEncoding = 4; lastKnownFileType = sourcecode.swift; path = ParkImageViewController.swift; sourceTree = "<group>"; };
		136ACF711C42B7F1000B2BD5 /* ParkPin.swift */ = {isa = PBXFileReference; fileEncoding = 4; lastKnownFileType = sourcecode.swift; path = ParkPin.swift; sourceTree = "<group>"; };
		136ACF721C42B7F1000B2BD5 /* ParkPinDetailView.swift */ = {isa = PBXFileReference; fileEncoding = 4; lastKnownFileType = sourcecode.swift; path = ParkPinDetailView.swift; sourceTree = "<group>"; };
		136ACF731C42B7F1000B2BD5 /* ParkViewController.swift */ = {isa = PBXFileReference; fileEncoding = 4; lastKnownFileType = sourcecode.swift; path = ParkViewController.swift; sourceTree = "<group>"; };
		136ACF741C42B7F1000B2BD5 /* PortugalStreetWorkout_Parks.plist */ = {isa = PBXFileReference; fileEncoding = 4; lastKnownFileType = text.plist.xml; path = PortugalStreetWorkout_Parks.plist; sourceTree = "<group>"; };
		136ACF751C42B7F1000B2BD5 /* Workout.swift */ = {isa = PBXFileReference; fileEncoding = 4; lastKnownFileType = sourcecode.swift; path = Workout.swift; sourceTree = "<group>"; };
		136ACF761C42B7F1000B2BD5 /* WorkoutButtonCell.swift */ = {isa = PBXFileReference; fileEncoding = 4; lastKnownFileType = sourcecode.swift; path = WorkoutButtonCell.swift; sourceTree = "<group>"; };
		136ACF771C42B7F1000B2BD5 /* WorkoutCell.swift */ = {isa = PBXFileReference; fileEncoding = 4; lastKnownFileType = sourcecode.swift; path = WorkoutCell.swift; sourceTree = "<group>"; };
		136ACF781C42B7F1000B2BD5 /* WorkoutDetailViewController.swift */ = {isa = PBXFileReference; fileEncoding = 4; lastKnownFileType = sourcecode.swift; path = WorkoutDetailViewController.swift; sourceTree = "<group>"; };
		136ACF791C42B7F1000B2BD5 /* WorkoutViewController.swift */ = {isa = PBXFileReference; fileEncoding = 4; lastKnownFileType = sourcecode.swift; path = WorkoutViewController.swift; sourceTree = "<group>"; };
		136ACF8A1C42B85E000B2BD5 /* DataModel.swift */ = {isa = PBXFileReference; fileEncoding = 4; lastKnownFileType = sourcecode.swift; path = DataModel.swift; sourceTree = "<group>"; };
		136ACF8B1C42B85E000B2BD5 /* Exercise.swift */ = {isa = PBXFileReference; fileEncoding = 4; lastKnownFileType = sourcecode.swift; path = Exercise.swift; sourceTree = "<group>"; };
		136ACF8E1C42B87E000B2BD5 /* ExerciseDetailViewController.swift */ = {isa = PBXFileReference; fileEncoding = 4; lastKnownFileType = sourcecode.swift; path = ExerciseDetailViewController.swift; sourceTree = "<group>"; };
		136ACF8F1C42B87E000B2BD5 /* ExerciseImageViewController.swift */ = {isa = PBXFileReference; fileEncoding = 4; lastKnownFileType = sourcecode.swift; path = ExerciseImageViewController.swift; sourceTree = "<group>"; };
		136ACF901C42B87E000B2BD5 /* ExerciseViewController.swift */ = {isa = PBXFileReference; fileEncoding = 4; lastKnownFileType = sourcecode.swift; path = ExerciseViewController.swift; sourceTree = "<group>"; };
		136ACF951C42B891000B2BD5 /* CameraViewController.swift */ = {isa = PBXFileReference; fileEncoding = 4; lastKnownFileType = sourcecode.swift; path = CameraViewController.swift; sourceTree = "<group>"; };
		136ACF981C42B8AC000B2BD5 /* ExerciseCell.swift */ = {isa = PBXFileReference; fileEncoding = 4; lastKnownFileType = sourcecode.swift; path = ExerciseCell.swift; sourceTree = "<group>"; };
		136ACF9A1C42B925000B2BD5 /* Base.lproj */ = {isa = PBXFileReference; lastKnownFileType = folder; path = Base.lproj; sourceTree = "<group>"; };
		136ACF9C1C42BA20000B2BD5 /* Main.storyboard */ = {isa = PBXFileReference; fileEncoding = 4; lastKnownFileType = file.storyboard; name = Main.storyboard; path = Base.lproj/Main.storyboard; sourceTree = "<group>"; };
		13BCD4321C41945C005EDF92 /* StreetWorkout_PT.app */ = {isa = PBXFileReference; explicitFileType = wrapper.application; includeInIndex = 0; path = StreetWorkout_PT.app; sourceTree = BUILT_PRODUCTS_DIR; };
		13BCD4351C41945C005EDF92 /* AppDelegate.swift */ = {isa = PBXFileReference; lastKnownFileType = sourcecode.swift; path = AppDelegate.swift; sourceTree = "<group>"; };
		13BCD43E1C41945C005EDF92 /* Assets.xcassets */ = {isa = PBXFileReference; lastKnownFileType = folder.assetcatalog; path = Assets.xcassets; sourceTree = "<group>"; };
		13BCD4431C41945C005EDF92 /* Info.plist */ = {isa = PBXFileReference; lastKnownFileType = text.plist.xml; path = Info.plist; sourceTree = "<group>"; };
		13BCD4481C41945C005EDF92 /* StreetWorkout_PTTests.xctest */ = {isa = PBXFileReference; explicitFileType = wrapper.cfbundle; includeInIndex = 0; path = StreetWorkout_PTTests.xctest; sourceTree = BUILT_PRODUCTS_DIR; };
		13BCD44C1C41945C005EDF92 /* StreetWorkout_PTTests.swift */ = {isa = PBXFileReference; lastKnownFileType = sourcecode.swift; path = StreetWorkout_PTTests.swift; sourceTree = "<group>"; };
		13BCD44E1C41945C005EDF92 /* Info.plist */ = {isa = PBXFileReference; lastKnownFileType = text.plist.xml; path = Info.plist; sourceTree = "<group>"; };
		13BCD4531C41945C005EDF92 /* StreetWorkout_PTUITests.xctest */ = {isa = PBXFileReference; explicitFileType = wrapper.cfbundle; includeInIndex = 0; path = StreetWorkout_PTUITests.xctest; sourceTree = BUILT_PRODUCTS_DIR; };
		13BCD4571C41945C005EDF92 /* StreetWorkout_PTUITests.swift */ = {isa = PBXFileReference; lastKnownFileType = sourcecode.swift; path = StreetWorkout_PTUITests.swift; sourceTree = "<group>"; };
		13BCD4591C41945C005EDF92 /* Info.plist */ = {isa = PBXFileReference; lastKnownFileType = text.plist.xml; path = Info.plist; sourceTree = "<group>"; };
		13BCD4711C419593005EDF92 /* MobileCoreServices.framework */ = {isa = PBXFileReference; lastKnownFileType = wrapper.framework; name = MobileCoreServices.framework; path = System/Library/Frameworks/MobileCoreServices.framework; sourceTree = SDKROOT; };
		13BCD4731C41959C005EDF92 /* UIKit.framework */ = {isa = PBXFileReference; lastKnownFileType = wrapper.framework; name = UIKit.framework; path = System/Library/Frameworks/UIKit.framework; sourceTree = SDKROOT; };
		13BCD4751C4195A5005EDF92 /* CoreLocation.framework */ = {isa = PBXFileReference; lastKnownFileType = wrapper.framework; name = CoreLocation.framework; path = System/Library/Frameworks/CoreLocation.framework; sourceTree = SDKROOT; };
		13BCD4771C4195AB005EDF92 /* CoreData.framework */ = {isa = PBXFileReference; lastKnownFileType = wrapper.framework; name = CoreData.framework; path = System/Library/Frameworks/CoreData.framework; sourceTree = SDKROOT; };
		13BCD4791C4195BC005EDF92 /* Social.framework */ = {isa = PBXFileReference; lastKnownFileType = wrapper.framework; name = Social.framework; path = System/Library/Frameworks/Social.framework; sourceTree = SDKROOT; };
		13BCD47B1C4195C5005EDF92 /* MapKit.framework */ = {isa = PBXFileReference; lastKnownFileType = wrapper.framework; name = MapKit.framework; path = System/Library/Frameworks/MapKit.framework; sourceTree = SDKROOT; };
		13BCD4BC1C419997005EDF92 /* DataModelTests.swift */ = {isa = PBXFileReference; fileEncoding = 4; lastKnownFileType = sourcecode.swift; path = DataModelTests.swift; sourceTree = "<group>"; };
		13BCD4BE1C4199DE005EDF92 /* ExerciseTests.swift */ = {isa = PBXFileReference; fileEncoding = 4; lastKnownFileType = sourcecode.swift; path = ExerciseTests.swift; sourceTree = "<group>"; };
		13BCD4C01C419A21005EDF92 /* ParkTests.swift */ = {isa = PBXFileReference; fileEncoding = 4; lastKnownFileType = sourcecode.swift; path = ParkTests.swift; sourceTree = "<group>"; };
		13BCD4C21C419A67005EDF92 /* WorkoutTests.swift */ = {isa = PBXFileReference; fileEncoding = 4; lastKnownFileType = sourcecode.swift; path = WorkoutTests.swift; sourceTree = "<group>"; };
		13BCD4C41C419AA4005EDF92 /* WorkoutsUITests.swift */ = {isa = PBXFileReference; fileEncoding = 4; lastKnownFileType = sourcecode.swift; path = WorkoutsUITests.swift; sourceTree = "<group>"; };
/* End PBXFileReference section */

/* Begin PBXFrameworksBuildPhase section */
		13BCD42F1C41945C005EDF92 /* Frameworks */ = {
			isa = PBXFrameworksBuildPhase;
			buildActionMask = 2147483647;
			files = (
				13BCD47C1C4195C5005EDF92 /* MapKit.framework in Frameworks */,
				13BCD47A1C4195BC005EDF92 /* Social.framework in Frameworks */,
				13BCD4781C4195AB005EDF92 /* CoreData.framework in Frameworks */,
				13BCD4761C4195A5005EDF92 /* CoreLocation.framework in Frameworks */,
				13BCD4741C41959C005EDF92 /* UIKit.framework in Frameworks */,
				13BCD4721C419594005EDF92 /* MobileCoreServices.framework in Frameworks */,
			);
			runOnlyForDeploymentPostprocessing = 0;
		};
		13BCD4451C41945C005EDF92 /* Frameworks */ = {
			isa = PBXFrameworksBuildPhase;
			buildActionMask = 2147483647;
			files = (
			);
			runOnlyForDeploymentPostprocessing = 0;
		};
		13BCD4501C41945C005EDF92 /* Frameworks */ = {
			isa = PBXFrameworksBuildPhase;
			buildActionMask = 2147483647;
			files = (
			);
			runOnlyForDeploymentPostprocessing = 0;
		};
/* End PBXFrameworksBuildPhase section */

/* Begin PBXGroup section */
		13BCD4291C41945C005EDF92 = {
			isa = PBXGroup;
			children = (
				13BCD4341C41945C005EDF92 /* StreetWorkout_PT */,
				13BCD44B1C41945C005EDF92 /* StreetWorkout_PTTests */,
				13BCD4561C41945C005EDF92 /* StreetWorkout_PTUITests */,
				13BCD4331C41945C005EDF92 /* Products */,
			);
			sourceTree = "<group>";
		};
		13BCD4331C41945C005EDF92 /* Products */ = {
			isa = PBXGroup;
			children = (
				13BCD4321C41945C005EDF92 /* StreetWorkout_PT.app */,
				13BCD4481C41945C005EDF92 /* StreetWorkout_PTTests.xctest */,
				13BCD4531C41945C005EDF92 /* StreetWorkout_PTUITests.xctest */,
			);
			name = Products;
			sourceTree = "<group>";
		};
		13BCD4341C41945C005EDF92 /* StreetWorkout_PT */ = {
			isa = PBXGroup;
			children = (
				13BCD46A1C4194FF005EDF92 /* Other Sources */,
				13BCD4691C4194E0005EDF92 /* View Controllers */,
				13BCD4681C4194D8005EDF92 /* Model */,
				13BCD4671C4194CB005EDF92 /* Cells */,
				13BCD4661C4194BB005EDF92 /* Map */,
				13BCD4651C4194AF005EDF92 /* Frameworks */,
			);
			path = StreetWorkout_PT;
			sourceTree = "<group>";
		};
		13BCD44B1C41945C005EDF92 /* StreetWorkout_PTTests */ = {
			isa = PBXGroup;
			children = (
				13BCD44C1C41945C005EDF92 /* StreetWorkout_PTTests.swift */,
				13BCD44E1C41945C005EDF92 /* Info.plist */,
				13BCD4BC1C419997005EDF92 /* DataModelTests.swift */,
				13BCD4BE1C4199DE005EDF92 /* ExerciseTests.swift */,
				13BCD4C01C419A21005EDF92 /* ParkTests.swift */,
				13BCD4C21C419A67005EDF92 /* WorkoutTests.swift */,
			);
			path = StreetWorkout_PTTests;
			sourceTree = "<group>";
		};
		13BCD4561C41945C005EDF92 /* StreetWorkout_PTUITests */ = {
			isa = PBXGroup;
			children = (
				13BCD4571C41945C005EDF92 /* StreetWorkout_PTUITests.swift */,
				13BCD4591C41945C005EDF92 /* Info.plist */,
				13BCD4C41C419AA4005EDF92 /* WorkoutsUITests.swift */,
			);
			path = StreetWorkout_PTUITests;
			sourceTree = "<group>";
		};
		13BCD4651C4194AF005EDF92 /* Frameworks */ = {
			isa = PBXGroup;
			children = (
				13BCD4711C419593005EDF92 /* MobileCoreServices.framework */,
				13BCD4731C41959C005EDF92 /* UIKit.framework */,
				13BCD4751C4195A5005EDF92 /* CoreLocation.framework */,
				13BCD4771C4195AB005EDF92 /* CoreData.framework */,
				13BCD4791C4195BC005EDF92 /* Social.framework */,
				13BCD47B1C4195C5005EDF92 /* MapKit.framework */,
			);
			name = Frameworks;
			sourceTree = "<group>";
		};
		13BCD4661C4194BB005EDF92 /* Map */ = {
			isa = PBXGroup;
			children = (
				136ACF711C42B7F1000B2BD5 /* ParkPin.swift */,
				136ACF721C42B7F1000B2BD5 /* ParkPinDetailView.swift */,
				136ACF741C42B7F1000B2BD5 /* PortugalStreetWorkout_Parks.plist */,
			);
			name = Map;
			sourceTree = "<group>";
		};
		13BCD4671C4194CB005EDF92 /* Cells */ = {
			isa = PBXGroup;
			children = (
				136ACF981C42B8AC000B2BD5 /* ExerciseCell.swift */,
				136ACF771C42B7F1000B2BD5 /* WorkoutCell.swift */,
				136ACF761C42B7F1000B2BD5 /* WorkoutButtonCell.swift */,
				136ACF6D1C42B7F1000B2BD5 /* ParkButtonCell.swift */,
				136ACF6E1C42B7F1000B2BD5 /* ParkCell.swift */,
				136ACF5B1C42B756000B2BD5 /* AddWorkoutInfoCell.swift */,
				136ACF5A1C42B756000B2BD5 /* AddWorkoutExerciseCell.swift */,
				136ACF591C42B756000B2BD5 /* AddWorkoutCell.swift */,
				136ACF571C42B756000B2BD5 /* AddParkRateCell.swift */,
				136ACF541C42B756000B2BD5 /* AddParkDetailsCell.swift */,
				136ACF551C42B756000B2BD5 /* AddParkInfoCell.swift */,
				136ACF561C42B756000B2BD5 /* AddParkLocationCell.swift */,
				136ACF531C42B756000B2BD5 /* AddParkCoordinatesCell.swift */,
				136ACF521C42B756000B2BD5 /* AddParkCell.swift */,
			);
			name = Cells;
			sourceTree = "<group>";
		};
		13BCD4681C4194D8005EDF92 /* Model */ = {
			isa = PBXGroup;
			children = (
				136ACF8A1C42B85E000B2BD5 /* DataModel.swift */,
				136ACF8B1C42B85E000B2BD5 /* Exercise.swift */,
				136ACF6A1C42B7F1000B2BD5 /* MapPark.swift */,
				136ACF6C1C42B7F1000B2BD5 /* Park.swift */,
				136ACF751C42B7F1000B2BD5 /* Workout.swift */,
			);
			name = Model;
			sourceTree = "<group>";
		};
		13BCD4691C4194E0005EDF92 /* View Controllers */ = {
			isa = PBXGroup;
			children = (
				136ACF951C42B891000B2BD5 /* CameraViewController.swift */,
				136ACF8E1C42B87E000B2BD5 /* ExerciseDetailViewController.swift */,
				136ACF8F1C42B87E000B2BD5 /* ExerciseImageViewController.swift */,
				136ACF901C42B87E000B2BD5 /* ExerciseViewController.swift */,
				136ACF581C42B756000B2BD5 /* AddParkViewController.swift */,
				136ACF5C1C42B756000B2BD5 /* AddWorkoutViewController.swift */,
				136ACF6B1C42B7F1000B2BD5 /* MapViewController.swift */,
				136ACF6F1C42B7F1000B2BD5 /* ParkDetailViewController.swift */,
				136ACF701C42B7F1000B2BD5 /* ParkImageViewController.swift */,
				136ACF731C42B7F1000B2BD5 /* ParkViewController.swift */,
				136ACF791C42B7F1000B2BD5 /* WorkoutViewController.swift */,
				136ACF781C42B7F1000B2BD5 /* WorkoutDetailViewController.swift */,
			);
			name = "View Controllers";
			sourceTree = "<group>";
		};
		13BCD46A1C4194FF005EDF92 /* Other Sources */ = {
			isa = PBXGroup;
			children = (
				136ACF681C42B7BF000B2BD5 /* ParkPinDetailView.xib */,
				136ACF9C1C42BA20000B2BD5 /* Main.storyboard */,
				13BCD4431C41945C005EDF92 /* Info.plist */,
				13BCD4351C41945C005EDF92 /* AppDelegate.swift */,
				13BCD43E1C41945C005EDF92 /* Assets.xcassets */,
				136ACF9A1C42B925000B2BD5 /* Base.lproj */,
				136ACF501C42B725000B2BD5 /* LaunchScreen.storyboard */,
			);
			name = "Other Sources";
			sourceTree = "<group>";
		};
/* End PBXGroup section */

/* Begin PBXNativeTarget section */
		13BCD4311C41945C005EDF92 /* StreetWorkout_PT */ = {
			isa = PBXNativeTarget;
			buildConfigurationList = 13BCD45C1C41945C005EDF92 /* Build configuration list for PBXNativeTarget "StreetWorkout_PT" */;
			buildPhases = (
				13BCD42E1C41945C005EDF92 /* Sources */,
				13BCD42F1C41945C005EDF92 /* Frameworks */,
				13BCD4301C41945C005EDF92 /* Resources */,
			);
			buildRules = (
			);
			dependencies = (
			);
			name = StreetWorkout_PT;
			productName = StreetWorkout_PT;
			productReference = 13BCD4321C41945C005EDF92 /* StreetWorkout_PT.app */;
			productType = "com.apple.product-type.application";
		};
		13BCD4471C41945C005EDF92 /* StreetWorkout_PTTests */ = {
			isa = PBXNativeTarget;
			buildConfigurationList = 13BCD45F1C41945C005EDF92 /* Build configuration list for PBXNativeTarget "StreetWorkout_PTTests" */;
			buildPhases = (
				13BCD4441C41945C005EDF92 /* Sources */,
				13BCD4451C41945C005EDF92 /* Frameworks */,
				13BCD4461C41945C005EDF92 /* Resources */,
			);
			buildRules = (
			);
			dependencies = (
				13BCD44A1C41945C005EDF92 /* PBXTargetDependency */,
			);
			name = StreetWorkout_PTTests;
			productName = StreetWorkout_PTTests;
			productReference = 13BCD4481C41945C005EDF92 /* StreetWorkout_PTTests.xctest */;
			productType = "com.apple.product-type.bundle.unit-test";
		};
		13BCD4521C41945C005EDF92 /* StreetWorkout_PTUITests */ = {
			isa = PBXNativeTarget;
			buildConfigurationList = 13BCD4621C41945C005EDF92 /* Build configuration list for PBXNativeTarget "StreetWorkout_PTUITests" */;
			buildPhases = (
				13BCD44F1C41945C005EDF92 /* Sources */,
				13BCD4501C41945C005EDF92 /* Frameworks */,
				13BCD4511C41945C005EDF92 /* Resources */,
			);
			buildRules = (
			);
			dependencies = (
				13BCD4551C41945C005EDF92 /* PBXTargetDependency */,
			);
			name = StreetWorkout_PTUITests;
			productName = StreetWorkout_PTUITests;
			productReference = 13BCD4531C41945C005EDF92 /* StreetWorkout_PTUITests.xctest */;
			productType = "com.apple.product-type.bundle.ui-testing";
		};
/* End PBXNativeTarget section */

/* Begin PBXProject section */
		13BCD42A1C41945C005EDF92 /* Project object */ = {
			isa = PBXProject;
			attributes = {
				LastSwiftUpdateCheck = 0720;
				LastUpgradeCheck = 0720;
				ORGANIZATIONNAME = "Ruben Maia";
				TargetAttributes = {
					13BCD4311C41945C005EDF92 = {
						CreatedOnToolsVersion = 7.2;
					};
					13BCD4471C41945C005EDF92 = {
						CreatedOnToolsVersion = 7.2;
						TestTargetID = 13BCD4311C41945C005EDF92;
					};
					13BCD4521C41945C005EDF92 = {
						CreatedOnToolsVersion = 7.2;
						TestTargetID = 13BCD4311C41945C005EDF92;
					};
				};
			};
			buildConfigurationList = 13BCD42D1C41945C005EDF92 /* Build configuration list for PBXProject "StreetWorkout_PT" */;
			compatibilityVersion = "Xcode 3.2";
			developmentRegion = English;
			hasScannedForEncodings = 0;
			knownRegions = (
				en,
				Base,
			);
			mainGroup = 13BCD4291C41945C005EDF92;
			productRefGroup = 13BCD4331C41945C005EDF92 /* Products */;
			projectDirPath = "";
			projectRoot = "";
			targets = (
				13BCD4311C41945C005EDF92 /* StreetWorkout_PT */,
				13BCD4471C41945C005EDF92 /* StreetWorkout_PTTests */,
				13BCD4521C41945C005EDF92 /* StreetWorkout_PTUITests */,
			);
		};
/* End PBXProject section */

/* Begin PBXResourcesBuildPhase section */
		13BCD4301C41945C005EDF92 /* Resources */ = {
			isa = PBXResourcesBuildPhase;
			buildActionMask = 2147483647;
			files = (
				136ACF691C42B7BF000B2BD5 /* ParkPinDetailView.xib in Resources */,
				136ACF841C42B7F1000B2BD5 /* PortugalStreetWorkout_Parks.plist in Resources */,
				136ACF511C42B725000B2BD5 /* LaunchScreen.storyboard in Resources */,
				136ACF9D1C42BA20000B2BD5 /* Main.storyboard in Resources */,
				136ACF9B1C42B925000B2BD5 /* Base.lproj in Resources */,
				13BCD43F1C41945C005EDF92 /* Assets.xcassets in Resources */,
			);
			runOnlyForDeploymentPostprocessing = 0;
		};
		13BCD4461C41945C005EDF92 /* Resources */ = {
			isa = PBXResourcesBuildPhase;
			buildActionMask = 2147483647;
			files = (
			);
			runOnlyForDeploymentPostprocessing = 0;
		};
		13BCD4511C41945C005EDF92 /* Resources */ = {
			isa = PBXResourcesBuildPhase;
			buildActionMask = 2147483647;
			files = (
			);
			runOnlyForDeploymentPostprocessing = 0;
		};
/* End PBXResourcesBuildPhase section */

/* Begin PBXSourcesBuildPhase section */
		13BCD42E1C41945C005EDF92 /* Sources */ = {
			isa = PBXSourcesBuildPhase;
			buildActionMask = 2147483647;
			files = (
				136ACF671C42B756000B2BD5 /* AddWorkoutViewController.swift in Sources */,
				136ACF931C42B87E000B2BD5 /* ExerciseViewController.swift in Sources */,
				136ACF971C42B891000B2BD5 /* CameraViewController.swift in Sources */,
				136ACF7E1C42B7F1000B2BD5 /* ParkCell.swift in Sources */,
				136ACF5D1C42B756000B2BD5 /* AddParkCell.swift in Sources */,
				13BCD4361C41945C005EDF92 /* AppDelegate.swift in Sources */,
				136ACF861C42B7F1000B2BD5 /* WorkoutButtonCell.swift in Sources */,
				136ACF7B1C42B7F1000B2BD5 /* MapViewController.swift in Sources */,
				136ACF871C42B7F1000B2BD5 /* WorkoutCell.swift in Sources */,
				136ACF611C42B756000B2BD5 /* AddParkLocationCell.swift in Sources */,
				136ACF8D1C42B85E000B2BD5 /* Exercise.swift in Sources */,
				136ACF651C42B756000B2BD5 /* AddWorkoutExerciseCell.swift in Sources */,
				136ACF631C42B756000B2BD5 /* AddParkViewController.swift in Sources */,
				136ACF7F1C42B7F1000B2BD5 /* ParkDetailViewController.swift in Sources */,
				136ACF641C42B756000B2BD5 /* AddWorkoutCell.swift in Sources */,
				136ACF991C42B8AC000B2BD5 /* ExerciseCell.swift in Sources */,
				136ACF621C42B756000B2BD5 /* AddParkRateCell.swift in Sources */,
				136ACF891C42B7F1000B2BD5 /* WorkoutViewController.swift in Sources */,
				136ACF661C42B756000B2BD5 /* AddWorkoutInfoCell.swift in Sources */,
				136ACF851C42B7F1000B2BD5 /* Workout.swift in Sources */,
				136ACF801C42B7F1000B2BD5 /* ParkImageViewController.swift in Sources */,
				136ACF921C42B87E000B2BD5 /* ExerciseImageViewController.swift in Sources */,
				136ACF5E1C42B756000B2BD5 /* AddParkCoordinatesCell.swift in Sources */,
				136ACF881C42B7F1000B2BD5 /* WorkoutDetailViewController.swift in Sources */,
				136ACF601C42B756000B2BD5 /* AddParkInfoCell.swift in Sources */,
				136ACF8C1C42B85E000B2BD5 /* DataModel.swift in Sources */,
				136ACF5F1C42B756000B2BD5 /* AddParkDetailsCell.swift in Sources */,
				136ACF831C42B7F1000B2BD5 /* ParkViewController.swift in Sources */,
				136ACF811C42B7F1000B2BD5 /* ParkPin.swift in Sources */,
				136ACF7A1C42B7F1000B2BD5 /* MapPark.swift in Sources */,
				136ACF7D1C42B7F1000B2BD5 /* ParkButtonCell.swift in Sources */,
				136ACF7C1C42B7F1000B2BD5 /* Park.swift in Sources */,
				136ACF821C42B7F1000B2BD5 /* ParkPinDetailView.swift in Sources */,
				136ACF911C42B87E000B2BD5 /* ExerciseDetailViewController.swift in Sources */,
			);
			runOnlyForDeploymentPostprocessing = 0;
		};
		13BCD4441C41945C005EDF92 /* Sources */ = {
			isa = PBXSourcesBuildPhase;
			buildActionMask = 2147483647;
			files = (
				13BCD44D1C41945C005EDF92 /* StreetWorkout_PTTests.swift in Sources */,
				13BCD4C31C419A67005EDF92 /* WorkoutTests.swift in Sources */,
				13BCD4BF1C4199DE005EDF92 /* ExerciseTests.swift in Sources */,
				13BCD4BD1C419997005EDF92 /* DataModelTests.swift in Sources */,
				13BCD4C11C419A21005EDF92 /* ParkTests.swift in Sources */,
			);
			runOnlyForDeploymentPostprocessing = 0;
		};
		13BCD44F1C41945C005EDF92 /* Sources */ = {
			isa = PBXSourcesBuildPhase;
			buildActionMask = 2147483647;
			files = (
				13BCD4581C41945C005EDF92 /* StreetWorkout_PTUITests.swift in Sources */,
				13BCD4C51C419AA4005EDF92 /* WorkoutsUITests.swift in Sources */,
			);
			runOnlyForDeploymentPostprocessing = 0;
		};
/* End PBXSourcesBuildPhase section */

/* Begin PBXTargetDependency section */
		13BCD44A1C41945C005EDF92 /* PBXTargetDependency */ = {
			isa = PBXTargetDependency;
			target = 13BCD4311C41945C005EDF92 /* StreetWorkout_PT */;
			targetProxy = 13BCD4491C41945C005EDF92 /* PBXContainerItemProxy */;
		};
		13BCD4551C41945C005EDF92 /* PBXTargetDependency */ = {
			isa = PBXTargetDependency;
			target = 13BCD4311C41945C005EDF92 /* StreetWorkout_PT */;
			targetProxy = 13BCD4541C41945C005EDF92 /* PBXContainerItemProxy */;
		};
/* End PBXTargetDependency section */

/* Begin XCBuildConfiguration section */
		13BCD45A1C41945C005EDF92 /* Debug */ = {
			isa = XCBuildConfiguration;
			buildSettings = {
				ALWAYS_SEARCH_USER_PATHS = NO;
				CLANG_CXX_LANGUAGE_STANDARD = "gnu++0x";
				CLANG_CXX_LIBRARY = "libc++";
				CLANG_ENABLE_MODULES = YES;
				CLANG_ENABLE_OBJC_ARC = YES;
				CLANG_WARN_BOOL_CONVERSION = YES;
				CLANG_WARN_CONSTANT_CONVERSION = YES;
				CLANG_WARN_DIRECT_OBJC_ISA_USAGE = YES_ERROR;
				CLANG_WARN_EMPTY_BODY = YES;
				CLANG_WARN_ENUM_CONVERSION = YES;
				CLANG_WARN_INT_CONVERSION = YES;
				CLANG_WARN_OBJC_ROOT_CLASS = YES_ERROR;
				CLANG_WARN_UNREACHABLE_CODE = YES;
				CLANG_WARN__DUPLICATE_METHOD_MATCH = YES;
				"CODE_SIGN_IDENTITY[sdk=iphoneos*]" = "iPhone Developer";
				COPY_PHASE_STRIP = NO;
				DEBUG_INFORMATION_FORMAT = dwarf;
				ENABLE_STRICT_OBJC_MSGSEND = YES;
				ENABLE_TESTABILITY = YES;
				GCC_C_LANGUAGE_STANDARD = gnu99;
				GCC_DYNAMIC_NO_PIC = NO;
				GCC_NO_COMMON_BLOCKS = YES;
				GCC_OPTIMIZATION_LEVEL = 0;
				GCC_PREPROCESSOR_DEFINITIONS = (
					"DEBUG=1",
					"$(inherited)",
				);
				GCC_WARN_64_TO_32_BIT_CONVERSION = YES;
				GCC_WARN_ABOUT_RETURN_TYPE = YES_ERROR;
				GCC_WARN_UNDECLARED_SELECTOR = YES;
				GCC_WARN_UNINITIALIZED_AUTOS = YES_AGGRESSIVE;
				GCC_WARN_UNUSED_FUNCTION = YES;
				GCC_WARN_UNUSED_VARIABLE = YES;
				IPHONEOS_DEPLOYMENT_TARGET = 9.2;
				MTL_ENABLE_DEBUG_INFO = YES;
				ONLY_ACTIVE_ARCH = YES;
				SDKROOT = iphoneos;
				SWIFT_OPTIMIZATION_LEVEL = "-Onone";
				TARGETED_DEVICE_FAMILY = "1,2";
			};
			name = Debug;
		};
		13BCD45B1C41945C005EDF92 /* Release */ = {
			isa = XCBuildConfiguration;
			buildSettings = {
				ALWAYS_SEARCH_USER_PATHS = NO;
				CLANG_CXX_LANGUAGE_STANDARD = "gnu++0x";
				CLANG_CXX_LIBRARY = "libc++";
				CLANG_ENABLE_MODULES = YES;
				CLANG_ENABLE_OBJC_ARC = YES;
				CLANG_WARN_BOOL_CONVERSION = YES;
				CLANG_WARN_CONSTANT_CONVERSION = YES;
				CLANG_WARN_DIRECT_OBJC_ISA_USAGE = YES_ERROR;
				CLANG_WARN_EMPTY_BODY = YES;
				CLANG_WARN_ENUM_CONVERSION = YES;
				CLANG_WARN_INT_CONVERSION = YES;
				CLANG_WARN_OBJC_ROOT_CLASS = YES_ERROR;
				CLANG_WARN_UNREACHABLE_CODE = YES;
				CLANG_WARN__DUPLICATE_METHOD_MATCH = YES;
				"CODE_SIGN_IDENTITY[sdk=iphoneos*]" = "iPhone Developer";
				COPY_PHASE_STRIP = NO;
				DEBUG_INFORMATION_FORMAT = "dwarf-with-dsym";
				ENABLE_NS_ASSERTIONS = NO;
				ENABLE_STRICT_OBJC_MSGSEND = YES;
				GCC_C_LANGUAGE_STANDARD = gnu99;
				GCC_NO_COMMON_BLOCKS = YES;
				GCC_WARN_64_TO_32_BIT_CONVERSION = YES;
				GCC_WARN_ABOUT_RETURN_TYPE = YES_ERROR;
				GCC_WARN_UNDECLARED_SELECTOR = YES;
				GCC_WARN_UNINITIALIZED_AUTOS = YES_AGGRESSIVE;
				GCC_WARN_UNUSED_FUNCTION = YES;
				GCC_WARN_UNUSED_VARIABLE = YES;
				IPHONEOS_DEPLOYMENT_TARGET = 9.2;
				MTL_ENABLE_DEBUG_INFO = NO;
				SDKROOT = iphoneos;
				TARGETED_DEVICE_FAMILY = "1,2";
				VALIDATE_PRODUCT = YES;
			};
			name = Release;
		};
		13BCD45D1C41945C005EDF92 /* Debug */ = {
			isa = XCBuildConfiguration;
			buildSettings = {
				ASSETCATALOG_COMPILER_APPICON_NAME = AppIcon;
				CODE_SIGN_IDENTITY = "iPhone Developer";
				INFOPLIST_FILE = StreetWorkout_PT/Info.plist;
				LD_RUNPATH_SEARCH_PATHS = "$(inherited) @executable_path/Frameworks";
				PRODUCT_BUNDLE_IDENTIFIER = "estg.ipleiria.pt.StreetWorkout-PT";
				PRODUCT_NAME = "$(TARGET_NAME)";
			};
			name = Debug;
		};
		13BCD45E1C41945C005EDF92 /* Release */ = {
			isa = XCBuildConfiguration;
			buildSettings = {
				ASSETCATALOG_COMPILER_APPICON_NAME = AppIcon;
				CODE_SIGN_IDENTITY = "iPhone Developer";
				INFOPLIST_FILE = StreetWorkout_PT/Info.plist;
				LD_RUNPATH_SEARCH_PATHS = "$(inherited) @executable_path/Frameworks";
				PRODUCT_BUNDLE_IDENTIFIER = "estg.ipleiria.pt.StreetWorkout-PT";
				PRODUCT_NAME = "$(TARGET_NAME)";
				SWIFT_OPTIMIZATION_LEVEL = "-Onone";
			};
			name = Release;
		};
		13BCD4601C41945C005EDF92 /* Debug */ = {
			isa = XCBuildConfiguration;
			buildSettings = {
				BUNDLE_LOADER = "$(TEST_HOST)";
				INFOPLIST_FILE = StreetWorkout_PTTests/Info.plist;
				LD_RUNPATH_SEARCH_PATHS = "$(inherited) @executable_path/Frameworks @loader_path/Frameworks";
				PRODUCT_BUNDLE_IDENTIFIER = "estg.ipleiria.pt.StreetWorkout-PTTests";
				PRODUCT_NAME = "$(TARGET_NAME)";
				TEST_HOST = "$(BUILT_PRODUCTS_DIR)/StreetWorkout_PT.app/StreetWorkout_PT";
			};
			name = Debug;
		};
		13BCD4611C41945C005EDF92 /* Release */ = {
			isa = XCBuildConfiguration;
			buildSettings = {
				BUNDLE_LOADER = "$(TEST_HOST)";
				INFOPLIST_FILE = StreetWorkout_PTTests/Info.plist;
				LD_RUNPATH_SEARCH_PATHS = "$(inherited) @executable_path/Frameworks @loader_path/Frameworks";
				PRODUCT_BUNDLE_IDENTIFIER = "estg.ipleiria.pt.StreetWorkout-PTTests";
				PRODUCT_NAME = "$(TARGET_NAME)";
				TEST_HOST = "$(BUILT_PRODUCTS_DIR)/StreetWorkout_PT.app/StreetWorkout_PT";
			};
			name = Release;
		};
		13BCD4631C41945C005EDF92 /* Debug */ = {
			isa = XCBuildConfiguration;
			buildSettings = {
				INFOPLIST_FILE = StreetWorkout_PTUITests/Info.plist;
				LD_RUNPATH_SEARCH_PATHS = "$(inherited) @executable_path/Frameworks @loader_path/Frameworks";
				PRODUCT_BUNDLE_IDENTIFIER = "estg.ipleiria.pt.StreetWorkout-PTUITests";
				PRODUCT_NAME = "$(TARGET_NAME)";
				TEST_TARGET_NAME = StreetWorkout_PT;
				USES_XCTRUNNER = YES;
			};
			name = Debug;
		};
		13BCD4641C41945C005EDF92 /* Release */ = {
			isa = XCBuildConfiguration;
			buildSettings = {
				INFOPLIST_FILE = StreetWorkout_PTUITests/Info.plist;
				LD_RUNPATH_SEARCH_PATHS = "$(inherited) @executable_path/Frameworks @loader_path/Frameworks";
				PRODUCT_BUNDLE_IDENTIFIER = "estg.ipleiria.pt.StreetWorkout-PTUITests";
				PRODUCT_NAME = "$(TARGET_NAME)";
				TEST_TARGET_NAME = StreetWorkout_PT;
				USES_XCTRUNNER = YES;
			};
			name = Release;
		};
/* End XCBuildConfiguration section */

/* Begin XCConfigurationList section */
		13BCD42D1C41945C005EDF92 /* Build configuration list for PBXProject "StreetWorkout_PT" */ = {
			isa = XCConfigurationList;
			buildConfigurations = (
				13BCD45A1C41945C005EDF92 /* Debug */,
				13BCD45B1C41945C005EDF92 /* Release */,
			);
			defaultConfigurationIsVisible = 0;
			defaultConfigurationName = Release;
		};
		13BCD45C1C41945C005EDF92 /* Build configuration list for PBXNativeTarget "StreetWorkout_PT" */ = {
			isa = XCConfigurationList;
			buildConfigurations = (
				13BCD45D1C41945C005EDF92 /* Debug */,
				13BCD45E1C41945C005EDF92 /* Release */,
			);
			defaultConfigurationIsVisible = 0;
			defaultConfigurationName = Release;
		};
		13BCD45F1C41945C005EDF92 /* Build configuration list for PBXNativeTarget "StreetWorkout_PTTests" */ = {
			isa = XCConfigurationList;
			buildConfigurations = (
				13BCD4601C41945C005EDF92 /* Debug */,
				13BCD4611C41945C005EDF92 /* Release */,
			);
			defaultConfigurationIsVisible = 0;
			defaultConfigurationName = Release;
		};
		13BCD4621C41945C005EDF92 /* Build configuration list for PBXNativeTarget "StreetWorkout_PTUITests" */ = {
			isa = XCConfigurationList;
			buildConfigurations = (
				13BCD4631C41945C005EDF92 /* Debug */,
				13BCD4641C41945C005EDF92 /* Release */,
			);
			defaultConfigurationIsVisible = 0;
			defaultConfigurationName = Release;
		};
/* End XCConfigurationList section */
	};
	rootObject = 13BCD42A1C41945C005EDF92 /* Project object */;
}
